
Microsoft Visual Studio Solution File, Format Version 12.00
# Visual Studio Version 16
VisualStudioVersion = 16.0.33423.256
MinimumVisualStudioVersion = 10.0.40219.1
Project("{FAE04EC0-301F-11D3-BF4B-00C04F79EFBC}") = "DHEMapConverterCSharp", "DHEMapConverterCSharp.csproj", "{2375991C-CBF4-42F2-BE00-86F3DA586296}"
EndProject
Global
	GlobalSection(SolutionConfigurationPlatforms) = preSolution
		Debug|Any CPU = Debug|Any CPU
		Release|Any CPU = Release|Any CPU
	EndGlobalSection
	GlobalSection(ProjectConfigurationPlatforms) = postSolution
		{2375991C-CBF4-42F2-BE00-86F3DA586296}.Debug|Any CPU.ActiveCfg = Debug|Any CPU
		{2375991C-CBF4-42F2-BE00-86F3DA586296}.Debug|Any CPU.Build.0 = Debug|Any CPU
		{2375991C-CBF4-42F2-BE00-86F3DA586296}.Release|Any CPU.ActiveCfg = Release|Any CPU
		{2375991C-CBF4-42F2-BE00-86F3DA586296}.Release|Any CPU.Build.0 = Release|Any CPU
	EndGlobalSection
	GlobalSection(SolutionProperties) = preSolution
		HideSolutionNode = FALSE
	EndGlobalSection
	GlobalSection(ExtensibilityGlobals) = postSolution
		SolutionGuid = {074DC827-8AE2-474A-A528-088EF2D32092}
	EndGlobalSection
EndGlobal
